
Microsoft Visual Studio Solution File, Format Version 12.00
# Visual Studio Version 17
VisualStudioVersion = 17.1.32407.343
MinimumVisualStudioVersion = 10.0.40219.1
Project("{9A19103F-16F7-4668-BE54-9A1E7A4F7556}") = "SingleResponsibilityPrinciple", "SingleResponsibilityPrinciple\SingleResponsibilityPrinciple.csproj", "{BC701335-AD43-47A5-84CA-6484051CB7B6}"
EndProject
Project("{9A19103F-16F7-4668-BE54-9A1E7A4F7556}") = "OpenClosedPrinciple", "OpenClosedPrinciple\OpenClosedPrinciple.csproj", "{F36A14C6-0B19-4164-B718-EDBADB204B2A}"
EndProject
Project("{FAE04EC0-301F-11D3-BF4B-00C04F79EFBC}") = "LiskovSubstitutionPrinciple", "LiskovSubstitutionPrinciple\LiskovSubstitutionPrinciple.csproj", "{5278890C-8B03-4C7B-8E2D-81486199488A}"
EndProject
Project("{FAE04EC0-301F-11D3-BF4B-00C04F79EFBC}") = "InterfaceSegregationPrinciple", "InterfaceSegregationPrinciple\InterfaceSegregationPrinciple.csproj", "{19E5790D-FEEB-4DF5-890D-866A63DE9650}"
EndProject
Project("{FAE04EC0-301F-11D3-BF4B-00C04F79EFBC}") = "DependencyInversionPrinciple", "DependencyInversionPrinciple\DependencyInversionPrinciple.csproj", "{B226A9A2-0228-401C-805A-AB1B90BB24E5}"
EndProject
Global
	GlobalSection(SolutionConfigurationPlatforms) = preSolution
		Debug|Any CPU = Debug|Any CPU
		Release|Any CPU = Release|Any CPU
	EndGlobalSection
	GlobalSection(ProjectConfigurationPlatforms) = postSolution
		{BC701335-AD43-47A5-84CA-6484051CB7B6}.Debug|Any CPU.ActiveCfg = Debug|Any CPU
		{BC701335-AD43-47A5-84CA-6484051CB7B6}.Debug|Any CPU.Build.0 = Debug|Any CPU
		{BC701335-AD43-47A5-84CA-6484051CB7B6}.Release|Any CPU.ActiveCfg = Release|Any CPU
		{BC701335-AD43-47A5-84CA-6484051CB7B6}.Release|Any CPU.Build.0 = Release|Any CPU
		{F36A14C6-0B19-4164-B718-EDBADB204B2A}.Debug|Any CPU.ActiveCfg = Debug|Any CPU
		{F36A14C6-0B19-4164-B718-EDBADB204B2A}.Debug|Any CPU.Build.0 = Debug|Any CPU
		{F36A14C6-0B19-4164-B718-EDBADB204B2A}.Release|Any CPU.ActiveCfg = Release|Any CPU
		{F36A14C6-0B19-4164-B718-EDBADB204B2A}.Release|Any CPU.Build.0 = Release|Any CPU
		{5278890C-8B03-4C7B-8E2D-81486199488A}.Debug|Any CPU.ActiveCfg = Debug|Any CPU
		{5278890C-8B03-4C7B-8E2D-81486199488A}.Debug|Any CPU.Build.0 = Debug|Any CPU
		{5278890C-8B03-4C7B-8E2D-81486199488A}.Release|Any CPU.ActiveCfg = Release|Any CPU
		{5278890C-8B03-4C7B-8E2D-81486199488A}.Release|Any CPU.Build.0 = Release|Any CPU
		{19E5790D-FEEB-4DF5-890D-866A63DE9650}.Debug|Any CPU.ActiveCfg = Debug|Any CPU
		{19E5790D-FEEB-4DF5-890D-866A63DE9650}.Debug|Any CPU.Build.0 = Debug|Any CPU
		{19E5790D-FEEB-4DF5-890D-866A63DE9650}.Release|Any CPU.ActiveCfg = Release|Any CPU
		{19E5790D-FEEB-4DF5-890D-866A63DE9650}.Release|Any CPU.Build.0 = Release|Any CPU
		{B226A9A2-0228-401C-805A-AB1B90BB24E5}.Debug|Any CPU.ActiveCfg = Debug|Any CPU
		{B226A9A2-0228-401C-805A-AB1B90BB24E5}.Debug|Any CPU.Build.0 = Debug|Any CPU
		{B226A9A2-0228-401C-805A-AB1B90BB24E5}.Release|Any CPU.ActiveCfg = Release|Any CPU
		{B226A9A2-0228-401C-805A-AB1B90BB24E5}.Release|Any CPU.Build.0 = Release|Any CPU
	EndGlobalSection
	GlobalSection(SolutionProperties) = preSolution
		HideSolutionNode = FALSE
	EndGlobalSection
	GlobalSection(ExtensibilityGlobals) = postSolution
		SolutionGuid = {0F974F74-EFF3-45C6-908F-E67FAE0E9B16}
	EndGlobalSection
EndGlobal
